
Microsoft Visual Studio Solution File, Format Version 12.00
# Visual Studio Version 17
VisualStudioVersion = 17.11.35222.181
MinimumVisualStudioVersion = 10.0.40219.1
Project("{9A19103F-16F7-4668-BE54-9A1E7A4F7556}") = "CommonUtilities", "CommonUtilities\CommonUtilities.csproj", "{2F8BB461-1B66-4D6C-9632-9010401ABB13}"
EndProject
Project("{FAE04EC0-301F-11D3-BF4B-00C04F79EFBC}") = "Client", "Client\Client.csproj", "{3B51B432-5AE8-419A-A7BF-45A127DAB429}"
EndProject
Project("{FAE04EC0-301F-11D3-BF4B-00C04F79EFBC}") = "Server", "Server\Server.csproj", "{703AE7FC-3837-441A-B0B6-A7EC58B2D3FF}"
EndProject
Project("{FAE04EC0-301F-11D3-BF4B-00C04F79EFBC}") = "IntegrationTests", "IntegrationTests\IntegrationTests.csproj", "{D5D50387-9B17-41A3-B356-815998657290}"
EndProject
Project("{FAE04EC0-301F-11D3-BF4B-00C04F79EFBC}") = "UnitTests", "UnitTests\UnitTests.csproj", "{E829324E-3D0E-4570-AB88-1FBBEAFD8321}"
EndProject
Project("{00D1A9C2-B5F0-4AF3-8072-F6C62B433612}") = "Database", "Database\Database.sqlproj", "{19277DB1-CD18-44C9-8623-11CBA6F9FA38}"
EndProject
Global
	GlobalSection(SolutionConfigurationPlatforms) = preSolution
		Debug|Any CPU = Debug|Any CPU
		Release|Any CPU = Release|Any CPU
	EndGlobalSection
	GlobalSection(ProjectConfigurationPlatforms) = postSolution
		{2F8BB461-1B66-4D6C-9632-9010401ABB13}.Debug|Any CPU.ActiveCfg = Debug|Any CPU
		{2F8BB461-1B66-4D6C-9632-9010401ABB13}.Debug|Any CPU.Build.0 = Debug|Any CPU
		{2F8BB461-1B66-4D6C-9632-9010401ABB13}.Release|Any CPU.ActiveCfg = Release|Any CPU
		{2F8BB461-1B66-4D6C-9632-9010401ABB13}.Release|Any CPU.Build.0 = Release|Any CPU
		{3B51B432-5AE8-419A-A7BF-45A127DAB429}.Debug|Any CPU.ActiveCfg = Debug|Any CPU
		{3B51B432-5AE8-419A-A7BF-45A127DAB429}.Debug|Any CPU.Build.0 = Debug|Any CPU
		{3B51B432-5AE8-419A-A7BF-45A127DAB429}.Release|Any CPU.ActiveCfg = Release|Any CPU
		{3B51B432-5AE8-419A-A7BF-45A127DAB429}.Release|Any CPU.Build.0 = Release|Any CPU
		{703AE7FC-3837-441A-B0B6-A7EC58B2D3FF}.Debug|Any CPU.ActiveCfg = Debug|Any CPU
		{703AE7FC-3837-441A-B0B6-A7EC58B2D3FF}.Debug|Any CPU.Build.0 = Debug|Any CPU
		{703AE7FC-3837-441A-B0B6-A7EC58B2D3FF}.Release|Any CPU.ActiveCfg = Release|Any CPU
		{703AE7FC-3837-441A-B0B6-A7EC58B2D3FF}.Release|Any CPU.Build.0 = Release|Any CPU
		{D5D50387-9B17-41A3-B356-815998657290}.Debug|Any CPU.ActiveCfg = Debug|Any CPU
		{D5D50387-9B17-41A3-B356-815998657290}.Debug|Any CPU.Build.0 = Debug|Any CPU
		{D5D50387-9B17-41A3-B356-815998657290}.Release|Any CPU.ActiveCfg = Release|Any CPU
		{D5D50387-9B17-41A3-B356-815998657290}.Release|Any CPU.Build.0 = Release|Any CPU
		{E829324E-3D0E-4570-AB88-1FBBEAFD8321}.Debug|Any CPU.ActiveCfg = Debug|Any CPU
		{E829324E-3D0E-4570-AB88-1FBBEAFD8321}.Debug|Any CPU.Build.0 = Debug|Any CPU
		{E829324E-3D0E-4570-AB88-1FBBEAFD8321}.Release|Any CPU.ActiveCfg = Release|Any CPU
		{E829324E-3D0E-4570-AB88-1FBBEAFD8321}.Release|Any CPU.Build.0 = Release|Any CPU
		{19277DB1-CD18-44C9-8623-11CBA6F9FA38}.Debug|Any CPU.ActiveCfg = Debug|Any CPU
		{19277DB1-CD18-44C9-8623-11CBA6F9FA38}.Debug|Any CPU.Build.0 = Debug|Any CPU
		{19277DB1-CD18-44C9-8623-11CBA6F9FA38}.Debug|Any CPU.Deploy.0 = Debug|Any CPU
		{19277DB1-CD18-44C9-8623-11CBA6F9FA38}.Release|Any CPU.ActiveCfg = Release|Any CPU
		{19277DB1-CD18-44C9-8623-11CBA6F9FA38}.Release|Any CPU.Build.0 = Release|Any CPU
		{19277DB1-CD18-44C9-8623-11CBA6F9FA38}.Release|Any CPU.Deploy.0 = Release|Any CPU
	EndGlobalSection
	GlobalSection(SolutionProperties) = preSolution
		HideSolutionNode = FALSE
	EndGlobalSection
	GlobalSection(ExtensibilityGlobals) = postSolution
		SolutionGuid = {5A2FDF72-140D-4A9C-A70E-37A033B4AE22}
	EndGlobalSection
EndGlobal
